
Microsoft Visual Studio Solution File, Format Version 12.00
# Visual Studio 15
VisualStudioVersion = 15.0.28307.168
MinimumVisualStudioVersion = 10.0.40219.1
Project("{FAE04EC0-301F-11D3-BF4B-00C04F79EFBC}") = "XMLAsientos", "XMLAsientos\XMLAsientos.csproj", "{50E1AF32-50CC-4631-8F46-883AF4A75217}"
EndProject
Global
	GlobalSection(SolutionConfigurationPlatforms) = preSolution
		Debug|Any CPU = Debug|Any CPU
		Release|Any CPU = Release|Any CPU
	EndGlobalSection
	GlobalSection(ProjectConfigurationPlatforms) = postSolution
		{50E1AF32-50CC-4631-8F46-883AF4A75217}.Debug|Any CPU.ActiveCfg = Debug|Any CPU
		{50E1AF32-50CC-4631-8F46-883AF4A75217}.Debug|Any CPU.Build.0 = Debug|Any CPU
		{50E1AF32-50CC-4631-8F46-883AF4A75217}.Release|Any CPU.ActiveCfg = Release|Any CPU
		{50E1AF32-50CC-4631-8F46-883AF4A75217}.Release|Any CPU.Build.0 = Release|Any CPU
	EndGlobalSection
	GlobalSection(SolutionProperties) = preSolution
		HideSolutionNode = FALSE
	EndGlobalSection
	GlobalSection(ExtensibilityGlobals) = postSolution
		SolutionGuid = {D7464F88-4FD4-4D8B-B70E-6795A04DECF4}
	EndGlobalSection
EndGlobal
